// !$*UTF8*$!
{
	archiveVersion = 1;
	classes = {
	};
	objectVersion = 77;
	objects = {

/* Begin PBXContainerItemProxy section */
		F38C0B242E6DDE2400A61590 /* PBXContainerItemProxy */ = {
			isa = PBXContainerItemProxy;
			containerPortal = F38C0B0B2E6DDE2200A61590 /* Project object */;
			proxyType = 1;
			remoteGlobalIDString = F38C0B122E6DDE2200A61590;
			remoteInfo = "Smart-Notes-Summarizer";
		};
		F38C0B2E2E6DDE2400A61590 /* PBXContainerItemProxy */ = {
			isa = PBXContainerItemProxy;
			containerPortal = F38C0B0B2E6DDE2200A61590 /* Project object */;
			proxyType = 1;
			remoteGlobalIDString = F38C0B122E6DDE2200A61590;
			remoteInfo = "Smart-Notes-Summarizer";
		};
/* End PBXContainerItemProxy section */

/* Begin PBXFileReference section */
		F38C0B132E6DDE2200A61590 /* Smart-Notes-Summarizer.app */ = {isa = PBXFileReference; explicitFileType = wrapper.application; includeInIndex = 0; path = "Smart-Notes-Summarizer.app"; sourceTree = BUILT_PRODUCTS_DIR; };
		F38C0B232E6DDE2400A61590 /* Smart-Notes-SummarizerTests.xctest */ = {isa = PBXFileReference; explicitFileType = wrapper.cfbundle; includeInIndex = 0; path = "Smart-Notes-SummarizerTests.xctest"; sourceTree = BUILT_PRODUCTS_DIR; };
		F38C0B2D2E6DDE2400A61590 /* Smart-Notes-SummarizerUITests.xctest */ = {isa = PBXFileReference; explicitFileType = wrapper.cfbundle; includeInIndex = 0; path = "Smart-Notes-SummarizerUITests.xctest"; sourceTree = BUILT_PRODUCTS_DIR; };
/* End PBXFileReference section */

/* Begin PBXFileSystemSynchronizedRootGroup section */
		F38C0B152E6DDE2200A61590 /* Smart-Notes-Summarizer */ = {
			isa = PBXFileSystemSynchronizedRootGroup;
			path = "Smart-Notes-Summarizer";
			sourceTree = "<group>";
		};
		F38C0B262E6DDE2400A61590 /* Smart-Notes-SummarizerTests */ = {
			isa = PBXFileSystemSynchronizedRootGroup;
			path = "Smart-Notes-SummarizerTests";
			sourceTree = "<group>";
		};
		F38C0B302E6DDE2400A61590 /* Smart-Notes-SummarizerUITests */ = {
			isa = PBXFileSystemSynchronizedRootGroup;
			path = "Smart-Notes-SummarizerUITests";
			sourceTree = "<group>";
		};
/* End PBXFileSystemSynchronizedRootGroup section */

/* Begin PBXFrameworksBuildPhase section */
		F38C0B102E6DDE2200A61590 /* Frameworks */ = {
			isa = PBXFrameworksBuildPhase;
			buildActionMask = 2147483647;
			files = (
			);
			runOnlyForDeploymentPostprocessing = 0;
		};
		F38C0B202E6DDE2400A61590 /* Frameworks */ = {
			isa = PBXFrameworksBuildPhase;
			buildActionMask = 2147483647;
			files = (
			);
			runOnlyForDeploymentPostprocessing = 0;
		};
		F38C0B2A2E6DDE2400A61590 /* Frameworks */ = {
			isa = PBXFrameworksBuildPhase;
			buildActionMask = 2147483647;
			files = (
			);
			runOnlyForDeploymentPostprocessing = 0;
		};
/* End PBXFrameworksBuildPhase section */

/* Begin PBXGroup section */
		F38C0B0A2E6DDE2200A61590 = {
			isa = PBXGroup;
			children = (
				F38C0B152E6DDE2200A61590 /* Smart-Notes-Summarizer */,
				F38C0B262E6DDE2400A61590 /* Smart-Notes-SummarizerTests */,
				F38C0B302E6DDE2400A61590 /* Smart-Notes-SummarizerUITests */,
				F38C0B142E6DDE2200A61590 /* Products */,
			);
			sourceTree = "<group>";
		};
		F38C0B142E6DDE2200A61590 /* Products */ = {
			isa = PBXGroup;
			children = (
				F38C0B132E6DDE2200A61590 /* Smart-Notes-Summarizer.app */,
				F38C0B232E6DDE2400A61590 /* Smart-Notes-SummarizerTests.xctest */,
				F38C0B2D2E6DDE2400A61590 /* Smart-Notes-SummarizerUITests.xctest */,
			);
			name = Products;
			sourceTree = "<group>";
		};
/* End PBXGroup section */

/* Begin PBXNativeTarget section */
		F38C0B122E6DDE2200A61590 /* Smart-Notes-Summarizer */ = {
			isa = PBXNativeTarget;
			buildConfigurationList = F38C0B372E6DDE2400A61590 /* Build configuration list for PBXNativeTarget "Smart-Notes-Summarizer" */;
			buildPhases = (
				F38C0B0F2E6DDE2200A61590 /* Sources */,
				F38C0B102E6DDE2200A61590 /* Frameworks */,
				F38C0B112E6DDE2200A61590 /* Resources */,
			);
			buildRules = (
			);
			dependencies = (
			);
			fileSystemSynchronizedGroups = (
				F38C0B152E6DDE2200A61590 /* Smart-Notes-Summarizer */,
			);
			name = "Smart-Notes-Summarizer";
			packageProductDependencies = (
			);
			productName = "Smart-Notes-Summarizer";
			productReference = F38C0B132E6DDE2200A61590 /* Smart-Notes-Summarizer.app */;
			productType = "com.apple.product-type.application";
		};
		F38C0B222E6DDE2400A61590 /* Smart-Notes-SummarizerTests */ = {
			isa = PBXNativeTarget;
			buildConfigurationList = F38C0B3A2E6DDE2400A61590 /* Build configuration list for PBXNativeTarget "Smart-Notes-SummarizerTests" */;
			buildPhases = (
				F38C0B1F2E6DDE2400A61590 /* Sources */,
				F38C0B202E6DDE2400A61590 /* Frameworks */,
				F38C0B212E6DDE2400A61590 /* Resources */,
			);
			buildRules = (
			);
			dependencies = (
				F38C0B252E6DDE2400A61590 /* PBXTargetDependency */,
			);
			fileSystemSynchronizedGroups = (
				F38C0B262E6DDE2400A61590 /* Smart-Notes-SummarizerTests */,
			);
			name = "Smart-Notes-SummarizerTests";
			packageProductDependencies = (
			);
			productName = "Smart-Notes-SummarizerTests";
			productReference = F38C0B232E6DDE2400A61590 /* Smart-Notes-SummarizerTests.xctest */;
			productType = "com.apple.product-type.bundle.unit-test";
		};
		F38C0B2C2E6DDE2400A61590 /* Smart-Notes-SummarizerUITests */ = {
			isa = PBXNativeTarget;
			buildConfigurationList = F38C0B3D2E6DDE2400A61590 /* Build configuration list for PBXNativeTarget "Smart-Notes-SummarizerUITests" */;
			buildPhases = (
				F38C0B292E6DDE2400A61590 /* Sources */,
				F38C0B2A2E6DDE2400A61590 /* Frameworks */,
				F38C0B2B2E6DDE2400A61590 /* Resources */,
			);
			buildRules = (
			);
			dependencies = (
				F38C0B2F2E6DDE2400A61590 /* PBXTargetDependency */,
			);
			fileSystemSynchronizedGroups = (
				F38C0B302E6DDE2400A61590 /* Smart-Notes-SummarizerUITests */,
			);
			name = "Smart-Notes-SummarizerUITests";
			packageProductDependencies = (
			);
			productName = "Smart-Notes-SummarizerUITests";
			productReference = F38C0B2D2E6DDE2400A61590 /* Smart-Notes-SummarizerUITests.xctest */;
			productType = "com.apple.product-type.bundle.ui-testing";
		};
/* End PBXNativeTarget section */

/* Begin PBXProject section */
		F38C0B0B2E6DDE2200A61590 /* Project object */ = {
			isa = PBXProject;
			attributes = {
				BuildIndependentTargetsInParallel = 1;
				LastSwiftUpdateCheck = 1600;
				LastUpgradeCheck = 1600;
				TargetAttributes = {
					F38C0B122E6DDE2200A61590 = {
						CreatedOnToolsVersion = 16.0;
					};
					F38C0B222E6DDE2400A61590 = {
						CreatedOnToolsVersion = 16.0;
						TestTargetID = F38C0B122E6DDE2200A61590;
					};
					F38C0B2C2E6DDE2400A61590 = {
						CreatedOnToolsVersion = 16.0;
						TestTargetID = F38C0B122E6DDE2200A61590;
					};
				};
			};
			buildConfigurationList = F38C0B0E2E6DDE2200A61590 /* Build configuration list for PBXProject "Smart-Notes-Summarizer" */;
			developmentRegion = en;
			hasScannedForEncodings = 0;
			knownRegions = (
				en,
				Base,
			);
			mainGroup = F38C0B0A2E6DDE2200A61590;
			minimizedProjectReferenceProxies = 1;
			preferredProjectObjectVersion = 77;
			productRefGroup = F38C0B142E6DDE2200A61590 /* Products */;
			projectDirPath = "";
			projectRoot = "";
			targets = (
				F38C0B122E6DDE2200A61590 /* Smart-Notes-Summarizer */,
				F38C0B222E6DDE2400A61590 /* Smart-Notes-SummarizerTests */,
				F38C0B2C2E6DDE2400A61590 /* Smart-Notes-SummarizerUITests */,
			);
		};
/* End PBXProject section */

/* Begin PBXResourcesBuildPhase section */
		F38C0B112E6DDE2200A61590 /* Resources */ = {
			isa = PBXResourcesBuildPhase;
			buildActionMask = 2147483647;
			files = (
			);
			runOnlyForDeploymentPostprocessing = 0;
		};
		F38C0B212E6DDE2400A61590 /* Resources */ = {
			isa = PBXResourcesBuildPhase;
			buildActionMask = 2147483647;
			files = (
			);
			runOnlyForDeploymentPostprocessing = 0;
		};
		F38C0B2B2E6DDE2400A61590 /* Resources */ = {
			isa = PBXResourcesBuildPhase;
			buildActionMask = 2147483647;
			files = (
			);
			runOnlyForDeploymentPostprocessing = 0;
		};
/* End PBXResourcesBuildPhase section */

/* Begin PBXSourcesBuildPhase section */
		F38C0B0F2E6DDE2200A61590 /* Sources */ = {
			isa = PBXSourcesBuildPhase;
			buildActionMask = 2147483647;
			files = (
			);
			runOnlyForDeploymentPostprocessing = 0;
		};
		F38C0B1F2E6DDE2400A61590 /* Sources */ = {
			isa = PBXSourcesBuildPhase;
			buildActionMask = 2147483647;
			files = (
			);
			runOnlyForDeploymentPostprocessing = 0;
		};
		F38C0B292E6DDE2400A61590 /* Sources */ = {
			isa = PBXSourcesBuildPhase;
			buildActionMask = 2147483647;
			files = (
			);
			runOnlyForDeploymentPostprocessing = 0;
		};
/* End PBXSourcesBuildPhase section */

/* Begin PBXTargetDependency section */
		F38C0B252E6DDE2400A61590 /* PBXTargetDependency */ = {
			isa = PBXTargetDependency;
			target = F38C0B122E6DDE2200A61590 /* Smart-Notes-Summarizer */;
			targetProxy = F38C0B242E6DDE2400A61590 /* PBXContainerItemProxy */;
		};
		F38C0B2F2E6DDE2400A61590 /* PBXTargetDependency */ = {
			isa = PBXTargetDependency;
			target = F38C0B122E6DDE2200A61590 /* Smart-Notes-Summarizer */;
			targetProxy = F38C0B2E2E6DDE2400A61590 /* PBXContainerItemProxy */;
		};
/* End PBXTargetDependency section */

/* Begin XCBuildConfiguration section */
		F38C0B352E6DDE2400A61590 /* Debug */ = {
			isa = XCBuildConfiguration;
			buildSettings = {
				ALWAYS_SEARCH_USER_PATHS = NO;
				ASSETCATALOG_COMPILER_GENERATE_SWIFT_ASSET_SYMBOL_EXTENSIONS = YES;
				CLANG_ANALYZER_NONNULL = YES;
				CLANG_ANALYZER_NUMBER_OBJECT_CONVERSION = YES_AGGRESSIVE;
				CLANG_CXX_LANGUAGE_STANDARD = "gnu++20";
				CLANG_ENABLE_MODULES = YES;
				CLANG_ENABLE_OBJC_ARC = YES;
				CLANG_ENABLE_OBJC_WEAK = YES;
				CLANG_WARN_BLOCK_CAPTURE_AUTORELEASING = YES;
				CLANG_WARN_BOOL_CONVERSION = YES;
				CLANG_WARN_COMMA = YES;
				CLANG_WARN_CONSTANT_CONVERSION = YES;
				CLANG_WARN_DEPRECATED_OBJC_IMPLEMENTATIONS = YES;
				CLANG_WARN_DIRECT_OBJC_ISA_USAGE = YES_ERROR;
				CLANG_WARN_DOCUMENTATION_COMMENTS = YES;
				CLANG_WARN_EMPTY_BODY = YES;
				CLANG_WARN_ENUM_CONVERSION = YES;
				CLANG_WARN_INFINITE_RECURSION = YES;
				CLANG_WARN_INT_CONVERSION = YES;
				CLANG_WARN_NON_LITERAL_NULL_CONVERSION = YES;
				CLANG_WARN_OBJC_IMPLICIT_RETAIN_SELF = YES;
				CLANG_WARN_OBJC_LITERAL_CONVERSION = YES;
				CLANG_WARN_OBJC_ROOT_CLASS = YES_ERROR;
				CLANG_WARN_QUOTED_INCLUDE_IN_FRAMEWORK_HEADER = YES;
				CLANG_WARN_RANGE_LOOP_ANALYSIS = YES;
				CLANG_WARN_STRICT_PROTOTYPES = YES;
				CLANG_WARN_SUSPICIOUS_MOVE = YES;
				CLANG_WARN_UNGUARDED_AVAILABILITY = YES_AGGRESSIVE;
				CLANG_WARN_UNREACHABLE_CODE = YES;
				CLANG_WARN__DUPLICATE_METHOD_MATCH = YES;
				COPY_PHASE_STRIP = NO;
				DEBUG_INFORMATION_FORMAT = dwarf;
				ENABLE_STRICT_OBJC_MSGSEND = YES;
				ENABLE_TESTABILITY = YES;
				ENABLE_USER_SCRIPT_SANDBOXING = YES;
				GCC_C_LANGUAGE_STANDARD = gnu17;
				GCC_DYNAMIC_NO_PIC = NO;
				GCC_NO_COMMON_BLOCKS = YES;
				GCC_OPTIMIZATION_LEVEL = 0;
				GCC_PREPROCESSOR_DEFINITIONS = (
					"DEBUG=1",
					"$(inherited)",
				);
				GCC_WARN_64_TO_32_BIT_CONVERSION = YES;
				GCC_WARN_ABOUT_RETURN_TYPE = YES_ERROR;
				GCC_WARN_UNDECLARED_SELECTOR = YES;
				GCC_WARN_UNINITIALIZED_AUTOS = YES_AGGRESSIVE;
				GCC_WARN_UNUSED_FUNCTION = YES;
				GCC_WARN_UNUSED_VARIABLE = YES;
				IPHONEOS_DEPLOYMENT_TARGET = 18.0;
				LOCALIZATION_PREFERS_STRING_CATALOGS = YES;
				MTL_ENABLE_DEBUG_INFO = INCLUDE_SOURCE;
				MTL_FAST_MATH = YES;
				ONLY_ACTIVE_ARCH = YES;
				SDKROOT = iphoneos;
				SWIFT_ACTIVE_COMPILATION_CONDITIONS = "DEBUG $(inherited)";
				SWIFT_OPTIMIZATION_LEVEL = "-Onone";
			};
			name = Debug;
		};
		F38C0B362E6DDE2400A61590 /* Release */ = {
			isa = XCBuildConfiguration;
			buildSettings = {
				ALWAYS_SEARCH_USER_PATHS = NO;
				ASSETCATALOG_COMPILER_GENERATE_SWIFT_ASSET_SYMBOL_EXTENSIONS = YES;
				CLANG_ANALYZER_NONNULL = YES;
				CLANG_ANALYZER_NUMBER_OBJECT_CONVERSION = YES_AGGRESSIVE;
				CLANG_CXX_LANGUAGE_STANDARD = "gnu++20";
				CLANG_ENABLE_MODULES = YES;
				CLANG_ENABLE_OBJC_ARC = YES;
				CLANG_ENABLE_OBJC_WEAK = YES;
				CLANG_WARN_BLOCK_CAPTURE_AUTORELEASING = YES;
				CLANG_WARN_BOOL_CONVERSION = YES;
				CLANG_WARN_COMMA = YES;
				CLANG_WARN_CONSTANT_CONVERSION = YES;
				CLANG_WARN_DEPRECATED_OBJC_IMPLEMENTATIONS = YES;
				CLANG_WARN_DIRECT_OBJC_ISA_USAGE = YES_ERROR;
				CLANG_WARN_DOCUMENTATION_COMMENTS = YES;
				CLANG_WARN_EMPTY_BODY = YES;
				CLANG_WARN_ENUM_CONVERSION = YES;
				CLANG_WARN_INFINITE_RECURSION = YES;
				CLANG_WARN_INT_CONVERSION = YES;
				CLANG_WARN_NON_LITERAL_NULL_CONVERSION = YES;
				CLANG_WARN_OBJC_IMPLICIT_RETAIN_SELF = YES;
				CLANG_WARN_OBJC_LITERAL_CONVERSION = YES;
				CLANG_WARN_OBJC_ROOT_CLASS = YES_ERROR;
				CLANG_WARN_QUOTED_INCLUDE_IN_FRAMEWORK_HEADER = YES;
				CLANG_WARN_RANGE_LOOP_ANALYSIS = YES;
				CLANG_WARN_STRICT_PROTOTYPES = YES;
				CLANG_WARN_SUSPICIOUS_MOVE = YES;
				CLANG_WARN_UNGUARDED_AVAILABILITY = YES_AGGRESSIVE;
				CLANG_WARN_UNREACHABLE_CODE = YES;
				CLANG_WARN__DUPLICATE_METHOD_MATCH = YES;
				COPY_PHASE_STRIP = NO;
				DEBUG_INFORMATION_FORMAT = "dwarf-with-dsym";
				ENABLE_NS_ASSERTIONS = NO;
				ENABLE_STRICT_OBJC_MSGSEND = YES;
				ENABLE_USER_SCRIPT_SANDBOXING = YES;
				GCC_C_LANGUAGE_STANDARD = gnu17;
				GCC_NO_COMMON_BLOCKS = YES;
				GCC_WARN_64_TO_32_BIT_CONVERSION = YES;
				GCC_WARN_ABOUT_RETURN_TYPE = YES_ERROR;
				GCC_WARN_UNDECLARED_SELECTOR = YES;
				GCC_WARN_UNINITIALIZED_AUTOS = YES_AGGRESSIVE;
				GCC_WARN_UNUSED_FUNCTION = YES;
				GCC_WARN_UNUSED_VARIABLE = YES;
				IPHONEOS_DEPLOYMENT_TARGET = 18.0;
				LOCALIZATION_PREFERS_STRING_CATALOGS = YES;
				MTL_ENABLE_DEBUG_INFO = NO;
				MTL_FAST_MATH = YES;
				SDKROOT = iphoneos;
				SWIFT_COMPILATION_MODE = wholemodule;
				VALIDATE_PRODUCT = YES;
			};
			name = Release;
		};
		F38C0B382E6DDE2400A61590 /* Debug */ = {
			isa = XCBuildConfiguration;
			buildSettings = {
				ASSETCATALOG_COMPILER_APPICON_NAME = AppIcon;
				ASSETCATALOG_COMPILER_GLOBAL_ACCENT_COLOR_NAME = AccentColor;
				CODE_SIGN_STYLE = Automatic;
				CURRENT_PROJECT_VERSION = 1;
				DEVELOPMENT_ASSET_PATHS = "\"Smart-Notes-Summarizer/Preview Content\"";
				ENABLE_PREVIEWS = YES;
				GENERATE_INFOPLIST_FILE = YES;
				INFOPLIST_KEY_UIApplicationSceneManifest_Generation = YES;
				INFOPLIST_KEY_UIApplicationSupportsIndirectInputEvents = YES;
				INFOPLIST_KEY_UILaunchScreen_Generation = YES;
				INFOPLIST_KEY_UISupportedInterfaceOrientations_iPad = "UIInterfaceOrientationPortrait UIInterfaceOrientationPortraitUpsideDown UIInterfaceOrientationLandscapeLeft UIInterfaceOrientationLandscapeRight";
				INFOPLIST_KEY_UISupportedInterfaceOrientations_iPhone = "UIInterfaceOrientationPortrait UIInterfaceOrientationLandscapeLeft UIInterfaceOrientationLandscapeRight";
				LD_RUNPATH_SEARCH_PATHS = (
					"$(inherited)",
					"@executable_path/Frameworks",
				);
				MARKETING_VERSION = 1.0;
				PRODUCT_BUNDLE_IDENTIFIER = "Sanjay.Smart-Notes-Summarizer";
				PRODUCT_NAME = "$(TARGET_NAME)";
				SWIFT_EMIT_LOC_STRINGS = YES;
				SWIFT_VERSION = 5.0;
				TARGETED_DEVICE_FAMILY = "1,2";
			};
			name = Debug;
		};
		F38C0B392E6DDE2400A61590 /* Release */ = {
			isa = XCBuildConfiguration;
			buildSettings = {
				ASSETCATALOG_COMPILER_APPICON_NAME = AppIcon;
				ASSETCATALOG_COMPILER_GLOBAL_ACCENT_COLOR_NAME = AccentColor;
				CODE_SIGN_STYLE = Automatic;
				CURRENT_PROJECT_VERSION = 1;
				DEVELOPMENT_ASSET_PATHS = "\"Smart-Notes-Summarizer/Preview Content\"";
				ENABLE_PREVIEWS = YES;
				GENERATE_INFOPLIST_FILE = YES;
				INFOPLIST_KEY_UIApplicationSceneManifest_Generation = YES;
				INFOPLIST_KEY_UIApplicationSupportsIndirectInputEvents = YES;
				INFOPLIST_KEY_UILaunchScreen_Generation = YES;
				INFOPLIST_KEY_UISupportedInterfaceOrientations_iPad = "UIInterfaceOrientationPortrait UIInterfaceOrientationPortraitUpsideDown UIInterfaceOrientationLandscapeLeft UIInterfaceOrientationLandscapeRight";
				INFOPLIST_KEY_UISupportedInterfaceOrientations_iPhone = "UIInterfaceOrientationPortrait UIInterfaceOrientationLandscapeLeft UIInterfaceOrientationLandscapeRight";
				LD_RUNPATH_SEARCH_PATHS = (
					"$(inherited)",
					"@executable_path/Frameworks",
				);
				MARKETING_VERSION = 1.0;
				PRODUCT_BUNDLE_IDENTIFIER = "Sanjay.Smart-Notes-Summarizer";
				PRODUCT_NAME = "$(TARGET_NAME)";
				SWIFT_EMIT_LOC_STRINGS = YES;
				SWIFT_VERSION = 5.0;
				TARGETED_DEVICE_FAMILY = "1,2";
			};
			name = Release;
		};
		F38C0B3B2E6DDE2400A61590 /* Debug */ = {
			isa = XCBuildConfiguration;
			buildSettings = {
				BUNDLE_LOADER = "$(TEST_HOST)";
				CODE_SIGN_STYLE = Automatic;
				CURRENT_PROJECT_VERSION = 1;
				GENERATE_INFOPLIST_FILE = YES;
				IPHONEOS_DEPLOYMENT_TARGET = 18.0;
				MARKETING_VERSION = 1.0;
				PRODUCT_BUNDLE_IDENTIFIER = "Sanjay.Smart-Notes-SummarizerTests";
				PRODUCT_NAME = "$(TARGET_NAME)";
				SWIFT_EMIT_LOC_STRINGS = NO;
				SWIFT_VERSION = 5.0;
				TARGETED_DEVICE_FAMILY = "1,2";
				TEST_HOST = "$(BUILT_PRODUCTS_DIR)/Smart-Notes-Summarizer.app/$(BUNDLE_EXECUTABLE_FOLDER_PATH)/Smart-Notes-Summarizer";
			};
			name = Debug;
		};
		F38C0B3C2E6DDE2400A61590 /* Release */ = {
			isa = XCBuildConfiguration;
			buildSettings = {
				BUNDLE_LOADER = "$(TEST_HOST)";
				CODE_SIGN_STYLE = Automatic;
				CURRENT_PROJECT_VERSION = 1;
				GENERATE_INFOPLIST_FILE = YES;
				IPHONEOS_DEPLOYMENT_TARGET = 18.0;
				MARKETING_VERSION = 1.0;
				PRODUCT_BUNDLE_IDENTIFIER = "Sanjay.Smart-Notes-SummarizerTests";
				PRODUCT_NAME = "$(TARGET_NAME)";
				SWIFT_EMIT_LOC_STRINGS = NO;
				SWIFT_VERSION = 5.0;
				TARGETED_DEVICE_FAMILY = "1,2";
				TEST_HOST = "$(BUILT_PRODUCTS_DIR)/Smart-Notes-Summarizer.app/$(BUNDLE_EXECUTABLE_FOLDER_PATH)/Smart-Notes-Summarizer";
			};
			name = Release;
		};
		F38C0B3E2E6DDE2400A61590 /* Debug */ = {
			isa = XCBuildConfiguration;
			buildSettings = {
				CODE_SIGN_STYLE = Automatic;
				CURRENT_PROJECT_VERSION = 1;
				GENERATE_INFOPLIST_FILE = YES;
				MARKETING_VERSION = 1.0;
				PRODUCT_BUNDLE_IDENTIFIER = "Sanjay.Smart-Notes-SummarizerUITests";
				PRODUCT_NAME = "$(TARGET_NAME)";
				SWIFT_EMIT_LOC_STRINGS = NO;
				SWIFT_VERSION = 5.0;
				TARGETED_DEVICE_FAMILY = "1,2";
				TEST_TARGET_NAME = "Smart-Notes-Summarizer";
			};
			name = Debug;
		};
		F38C0B3F2E6DDE2400A61590 /* Release */ = {
			isa = XCBuildConfiguration;
			buildSettings = {
				CODE_SIGN_STYLE = Automatic;
				CURRENT_PROJECT_VERSION = 1;
				GENERATE_INFOPLIST_FILE = YES;
				MARKETING_VERSION = 1.0;
				PRODUCT_BUNDLE_IDENTIFIER = "Sanjay.Smart-Notes-SummarizerUITests";
				PRODUCT_NAME = "$(TARGET_NAME)";
				SWIFT_EMIT_LOC_STRINGS = NO;
				SWIFT_VERSION = 5.0;
				TARGETED_DEVICE_FAMILY = "1,2";
				TEST_TARGET_NAME = "Smart-Notes-Summarizer";
			};
			name = Release;
		};
/* End XCBuildConfiguration section */

/* Begin XCConfigurationList section */
		F38C0B0E2E6DDE2200A61590 /* Build configuration list for PBXProject "Smart-Notes-Summarizer" */ = {
			isa = XCConfigurationList;
			buildConfigurations = (
				F38C0B352E6DDE2400A61590 /* Debug */,
				F38C0B362E6DDE2400A61590 /* Release */,
			);
			defaultConfigurationIsVisible = 0;
			defaultConfigurationName = Release;
		};
		F38C0B372E6DDE2400A61590 /* Build configuration list for PBXNativeTarget "Smart-Notes-Summarizer" */ = {
			isa = XCConfigurationList;
			buildConfigurations = (
				F38C0B382E6DDE2400A61590 /* Debug */,
				F38C0B392E6DDE2400A61590 /* Release */,
			);
			defaultConfigurationIsVisible = 0;
			defaultConfigurationName = Release;
		};
		F38C0B3A2E6DDE2400A61590 /* Build configuration list for PBXNativeTarget "Smart-Notes-SummarizerTests" */ = {
			isa = XCConfigurationList;
			buildConfigurations = (
				F38C0B3B2E6DDE2400A61590 /* Debug */,
				F38C0B3C2E6DDE2400A61590 /* Release */,
			);
			defaultConfigurationIsVisible = 0;
			defaultConfigurationName = Release;
		};
		F38C0B3D2E6DDE2400A61590 /* Build configuration list for PBXNativeTarget "Smart-Notes-SummarizerUITests" */ = {
			isa = XCConfigurationList;
			buildConfigurations = (
				F38C0B3E2E6DDE2400A61590 /* Debug */,
				F38C0B3F2E6DDE2400A61590 /* Release */,
			);
			defaultConfigurationIsVisible = 0;
			defaultConfigurationName = Release;
		};
/* End XCConfigurationList section */
	};
	rootObject = F38C0B0B2E6DDE2200A61590 /* Project object */;
}
